
Microsoft Visual Studio Solution File, Format Version 12.00
# Visual Studio Version 17
VisualStudioVersion = 17.14.37216.2 d17.14
MinimumVisualStudioVersion = 10.0.40219.1
Project("{FAE04EC0-301F-11D3-BF4B-00C04F79EFBC}") = "U4_18", "U4_18\U4_18.csproj", "{5F5BE633-E6E2-433D-8EB1-2FDB900D0739}"
EndProject
Global
	GlobalSection(SolutionConfigurationPlatforms) = preSolution
		Debug|Any CPU = Debug|Any CPU
		Release|Any CPU = Release|Any CPU
	EndGlobalSection
	GlobalSection(ProjectConfigurationPlatforms) = postSolution
		{5F5BE633-E6E2-433D-8EB1-2FDB900D0739}.Debug|Any CPU.ActiveCfg = Debug|Any CPU
		{5F5BE633-E6E2-433D-8EB1-2FDB900D0739}.Debug|Any CPU.Build.0 = Debug|Any CPU
		{5F5BE633-E6E2-433D-8EB1-2FDB900D0739}.Release|Any CPU.ActiveCfg = Release|Any CPU
		{5F5BE633-E6E2-433D-8EB1-2FDB900D0739}.Release|Any CPU.Build.0 = Release|Any CPU
	EndGlobalSection
	GlobalSection(SolutionProperties) = preSolution
		HideSolutionNode = FALSE
	EndGlobalSection
	GlobalSection(ExtensibilityGlobals) = postSolution
		SolutionGuid = {A638DC06-B911-4EE5-BABE-A7D5470D4D62}
	EndGlobalSection
EndGlobal
